
Microsoft Visual Studio Solution File, Format Version 12.00
# Visual Studio 2012
Project("{FAE04EC0-301F-11D3-BF4B-00C04F79EFBC}") = "IATankTwo", "IATankTwo\IATankTwo.csproj", "{4E980C77-B02C-465D-A856-160BA675FDDD}"
EndProject
Global
	GlobalSection(SolutionConfigurationPlatforms) = preSolution
		Debug|Any CPU = Debug|Any CPU
		Release|Any CPU = Release|Any CPU
	EndGlobalSection
	GlobalSection(ProjectConfigurationPlatforms) = postSolution
		{4E980C77-B02C-465D-A856-160BA675FDDD}.Debug|Any CPU.ActiveCfg = Debug|Any CPU
		{4E980C77-B02C-465D-A856-160BA675FDDD}.Debug|Any CPU.Build.0 = Debug|Any CPU
		{4E980C77-B02C-465D-A856-160BA675FDDD}.Release|Any CPU.ActiveCfg = Release|Any CPU
		{4E980C77-B02C-465D-A856-160BA675FDDD}.Release|Any CPU.Build.0 = Release|Any CPU
	EndGlobalSection
EndGlobal
